
Microsoft Visual Studio Solution File, Format Version 12.00
# Visual Studio 15
VisualStudioVersion = 15.0.28010.2036
MinimumVisualStudioVersion = 10.0.40219.1
Project("{FAE04EC0-301F-11D3-BF4B-00C04F79EFBC}") = "ReactCore", "ReactCore\ReactCore.csproj", "{ED7C6B85-7176-4F91-9B14-5D645645BC55}"
EndProject
Global
	GlobalSection(SolutionConfigurationPlatforms) = preSolution
		Debug|Any CPU = Debug|Any CPU
		Release|Any CPU = Release|Any CPU
	EndGlobalSection
	GlobalSection(ProjectConfigurationPlatforms) = postSolution
		{ED7C6B85-7176-4F91-9B14-5D645645BC55}.Debug|Any CPU.ActiveCfg = Debug|Any CPU
		{ED7C6B85-7176-4F91-9B14-5D645645BC55}.Debug|Any CPU.Build.0 = Debug|Any CPU
		{ED7C6B85-7176-4F91-9B14-5D645645BC55}.Release|Any CPU.ActiveCfg = Release|Any CPU
		{ED7C6B85-7176-4F91-9B14-5D645645BC55}.Release|Any CPU.Build.0 = Release|Any CPU
	EndGlobalSection
	GlobalSection(SolutionProperties) = preSolution
		HideSolutionNode = FALSE
	EndGlobalSection
	GlobalSection(ExtensibilityGlobals) = postSolution
		SolutionGuid = {E0B52D51-6A61-47D1-81D1-2ECBF05A1384}
	EndGlobalSection
EndGlobal
